lockfileVersion: '9.0'

settings:
  autoInstallPeers: true
  excludeLinksFromLockfile: false

importers:

  .:
    devDependencies:
      '@hyperupcall/prettier-config':
        specifier: ^0.9.1
        version: 0.9.1
      '@types/node':
        specifier: ^25.0.6
        version: 25.0.6
      prettier:
        specifier: ^3.7.4
        version: 3.7.4
      prettier-plugin-pkg:
        specifier: ^0.21.2
        version: 0.21.2(prettier@3.7.4)
      typescript:
        specifier: ^5.9.3
        version: 5.9.3

packages:

  '@hyperupcall/config-utils@0.4.0':
    resolution: {integrity: sha512-EhKjgJChTmd/yplvqno7r3b13US0u0QzBxUCEyQ4jqKm/gSl2eYD3XlbnVGLjFzf8pg72cf3DwSg6Cy7G4Q6ag==}

  '@hyperupcall/prettier-config@0.9.1':
    resolution: {integrity: sha512-PTHQ6Hd2YKE1RbWgpAOJg1kI83Alx2ULFJZU+eMhr59DUbgezwFyQUkXw+aVCbSQjFCEF7C/frNW5oyz3G5rXA==}

  '@types/node@25.0.6':
    resolution: {integrity: sha512-NNu0sjyNxpoiW3YuVFfNz7mxSQ+S4X2G28uqg2s+CzoqoQjLPsWSbsFFyztIAqt2vb8kfEAsJNepMGPTxFDx3Q==}

  prettier-plugin-pkg@0.21.2:
    resolution: {integrity: sha512-CSlM5+51B7yTKcoRWT4M3ImcdFHD5NUz0Xu2t8J03B761zu6J3BjSo/XleKp2kB0tH49K7oG5Uuqn6ldI5LRLg==}
    engines: {node: ^14.18.0 || >=16.0.0}
    peerDependencies:
      prettier: ^3.0.3

  prettier@3.7.4:
    resolution: {integrity: sha512-v6UNi1+3hSlVvv8fSaoUbggEM5VErKmmpGA7Pl3HF8V6uKY7rvClBOJlH6yNwQtfTueNkGVpOv/mtWL9L4bgRA==}
    engines: {node: '>=14'}
    hasBin: true

  typescript@5.9.3:
    resolution: {integrity: sha512-jl1vZzPDinLr9eUt3J/t7V6FgNEw9QjvBPdysz9KfQDD41fQrC2Y4vKQdiaUpFT4bXlb1RHhLpp8wtm6M5TgSw==}
    engines: {node: '>=14.17'}
    hasBin: true

  undici-types@7.16.0:
    resolution: {integrity: sha512-Zz+aZWSj8LE6zoxD+xrjh4VfkIG8Ya6LvYkZqtUQGJPZjYl53ypCaUwWqo7eI0x66KBGeRo+mlBEkMSeSZ38Nw==}

snapshots:

  '@hyperupcall/config-utils@0.4.0': {}

  '@hyperupcall/prettier-config@0.9.1':
    dependencies:
      '@hyperupcall/config-utils': 0.4.0

  '@types/node@25.0.6':
    dependencies:
      undici-types: 7.16.0

  prettier-plugin-pkg@0.21.2(prettier@3.7.4):
    dependencies:
      prettier: 3.7.4

  prettier@3.7.4: {}

  typescript@5.9.3: {}

  undici-types@7.16.0: {}
